PODS:
  - nv_framework_test (0.1.0)

DEPENDENCIES:
  - nv_framework_test (from `../`)

EXTERNAL SOURCES:
  nv_framework_test:
    :path: "../"

SPEC CHECKSUMS:
  nv_framework_test: cfdbc011a3a4583bd61f079681ae35898b3c782f

PODFILE CHECKSUM: 9d58fe0ea131659eb13ba7178f6c68d8f7ed8b68

COCOAPODS: 1.12.1
