PODS:
  - nv_framework_test (4.0.1)

DEPENDENCIES:
  - nv_framework_test (from `../`)

EXTERNAL SOURCES:
  nv_framework_test:
    :path: "../"

SPEC CHECKSUMS:
  nv_framework_test: 416c907d6f6cc2f020ca56dc7c426ca21b00e201

PODFILE CHECKSUM: 9d58fe0ea131659eb13ba7178f6c68d8f7ed8b68

COCOAPODS: 1.12.1
